{
  "version": 4,
  "terraform_version": "1.16.0",
  "serial": 13,
  "lineage": "f7c3bb5d-0fdb-0438-cf8d-a9e5b972936c",
  "outputs": {
    "application_role_arn": {
      "value": "arn:aws:iam::008971653023:role/fred-rag-unique-bucket-12345-document-app",
      "type": "string"
    },
    "bucket_arn": {
      "value": "arn:aws:s3:::fred-rag-unique-bucket-12345",
      "type": "string"
    },
    "bucket_name": {
      "value": "fred-rag-unique-bucket-12345",
      "type": "string"
    },
    "instance_profile_name": {
      "value": "fred-rag-unique-bucket-12345-document-app",
      "type": "string"
    },
    "server_side_encryption": {
      "value": "AES256",
      "type": "string"
    },
    "storage_region": {
      "value": "ap-south-1",
      "type": "string"
    }
  },
  "resources": [
    {
      "mode": "data",
      "type": "aws_iam_policy_document",
      "name": "document_storage",
      "provider": "provider[\"registry.terraform.io/hashicorp/aws\"]",
      "instances": [
        {
          "schema_version": 0,
          "attributes": {
            "id": "1686987592",
            "json": "{\n  \"Version\": \"2012-10-17\",\n  \"Statement\": [\n    {\n      \"Sid\": \"ListTenantObjects\",\n      \"Effect\": \"Allow\",\n      \"Action\": \"s3:ListBucket\",\n      \"Resource\": \"arn:aws:s3:::fred-rag-unique-bucket-12345\",\n      \"Condition\": {\n        \"StringLike\": {\n          \"s3:prefix\": \"tenants/*\"\n        }\n      }\n    },\n    {\n      \"Sid\": \"ReadWriteTenantObjects\",\n      \"Effect\": \"Allow\",\n      \"Action\": [\n        \"s3:PutObject\",\n        \"s3:GetObject\",\n        \"s3:DeleteObject\",\n        \"s3:AbortMultipartUpload\"\n      ],\n      \"Resource\": \"arn:aws:s3:::fred-rag-unique-bucket-12345/tenants/*\"\n    }\n  ]\n}",
            "minified_json": "{\"Version\":\"2012-10-17\",\"Statement\":[{\"Sid\":\"ListTenantObjects\",\"Effect\":\"Allow\",\"Action\":\"s3:ListBucket\",\"Resource\":\"arn:aws:s3:::fred-rag-unique-bucket-12345\",\"Condition\":{\"StringLike\":{\"s3:prefix\":\"tenants/*\"}}},{\"Sid\":\"ReadWriteTenantObjects\",\"Effect\":\"Allow\",\"Action\":[\"s3:PutObject\",\"s3:GetObject\",\"s3:DeleteObject\",\"s3:AbortMultipartUpload\"],\"Resource\":\"arn:aws:s3:::fred-rag-unique-bucket-12345/tenants/*\"}]}",
            "override_json": null,
            "override_policy_documents": null,
            "policy_id": null,
            "source_json": null,
            "source_policy_documents": null,
            "statement": [
              {
                "actions": [
                  "s3:ListBucket"
                ],
                "condition": [
                  {
                    "test": "StringLike",
                    "values": [
                      "tenants/*"
                    ],
                    "variable": "s3:prefix"
                  }
                ],
                "effect": "Allow",
                "not_actions": [],
                "not_principals": [],
                "not_resources": [],
                "principals": [],
                "resources": [
                  "arn:aws:s3:::fred-rag-unique-bucket-12345"
                ],
                "sid": "ListTenantObjects"
              },
              {
                "actions": [
                  "s3:AbortMultipartUpload",
                  "s3:DeleteObject",
                  "s3:GetObject",
                  "s3:PutObject"
                ],
                "condition": [],
                "effect": "Allow",
                "not_actions": [],
                "not_principals": [],
                "not_resources": [],
                "principals": [],
                "resources": [
                  "arn:aws:s3:::fred-rag-unique-bucket-12345/tenants/*"
                ],
                "sid": "ReadWriteTenantObjects"
              }
            ],
            "version": "2012-10-17"
          },
          "sensitive_attributes": [],
          "identity_schema_version": 0
        }
      ]
    },
    {
      "mode": "data",
      "type": "aws_iam_policy_document",
      "name": "ec2_assume_role",
      "provider": "provider[\"registry.terraform.io/hashicorp/aws\"]",
      "instances": [
        {
          "schema_version": 0,
          "attributes": {
            "id": "2851119427",
            "json": "{\n  \"Version\": \"2012-10-17\",\n  \"Statement\": [\n    {\n      \"Effect\": \"Allow\",\n      \"Action\": \"sts:AssumeRole\",\n      \"Principal\": {\n        \"Service\": \"ec2.amazonaws.com\"\n      }\n    }\n  ]\n}",
            "minified_json": "{\"Version\":\"2012-10-17\",\"Statement\":[{\"Effect\":\"Allow\",\"Action\":\"sts:AssumeRole\",\"Principal\":{\"Service\":\"ec2.amazonaws.com\"}}]}",
            "override_json": null,
            "override_policy_documents": null,
            "policy_id": null,
            "source_json": null,
            "source_policy_documents": null,
            "statement": [
              {
                "actions": [
                  "sts:AssumeRole"
                ],
                "condition": [],
                "effect": "Allow",
                "not_actions": [],
                "not_principals": [],
                "not_resources": [],
                "principals": [
                  {
                    "identifiers": [
                      "ec2.amazonaws.com"
                    ],
                    "type": "Service"
                  }
                ],
                "resources": [],
                "sid": ""
              }
            ],
            "version": "2012-10-17"
          },
          "sensitive_attributes": [],
          "identity_schema_version": 0
        }
      ]
    },
    {
      "mode": "managed",
      "type": "aws_iam_instance_profile",
      "name": "document_app",
      "provider": "provider[\"registry.terraform.io/hashicorp/aws\"]",
      "instances": [
        {
          "schema_version": 0,
          "attributes": {
            "arn": "arn:aws:iam::008971653023:instance-profile/fred-rag-unique-bucket-12345-document-app",
            "create_date": "2026-08-27T09:52:42Z",
            "id": "fred-rag-unique-bucket-12345-document-app",
            "name": "fred-rag-unique-bucket-12345-document-app",
            "name_prefix": "",
            "path": "/",
            "role": "fred-rag-unique-bucket-12345-document-app",
            "tags": null,
            "tags_all": {
              "Environment": "phase8-dev",
              "ManagedBy": "Terraform",
              "Phase": "8",
              "Project": "rag-knowledge-platform"
            },
            "unique_id": "AIPAQEFWAR6PZ6LDLKC4V"
          },
          "sensitive_attributes": [],
          "identity_schema_version": 0,
          "private": "bnVsbA==",
          "dependencies": [
            "aws_iam_role.document_app",
            "data.aws_iam_policy_document.ec2_assume_role"
          ]
        }
      ]
    },
    {
      "mode": "managed",
      "type": "aws_iam_policy",
      "name": "document_storage",
      "provider": "provider[\"registry.terraform.io/hashicorp/aws\"]",
      "instances": [
        {
          "schema_version": 0,
          "attributes": {
            "arn": "arn:aws:iam::008971653023:policy/fred-rag-unique-bucket-12345-document-storage",
            "attachment_count": 0,
            "description": "",
            "id": "arn:aws:iam::008971653023:policy/fred-rag-unique-bucket-12345-document-storage",
            "name": "fred-rag-unique-bucket-12345-document-storage",
            "name_prefix": "",
            "path": "/",
            "policy": "{\"Statement\":[{\"Action\":\"s3:ListBucket\",\"Condition\":{\"StringLike\":{\"s3:prefix\":\"tenants/*\"}},\"Effect\":\"Allow\",\"Resource\":\"arn:aws:s3:::fred-rag-unique-bucket-12345\",\"Sid\":\"ListTenantObjects\"},{\"Action\":[\"s3:PutObject\",\"s3:GetObject\",\"s3:DeleteObject\",\"s3:AbortMultipartUpload\"],\"Effect\":\"Allow\",\"Resource\":\"arn:aws:s3:::fred-rag-unique-bucket-12345/tenants/*\",\"Sid\":\"ReadWriteTenantObjects\"}],\"Version\":\"2012-10-17\"}",
            "policy_id": "ANPAQEFWAR6P6I3YJZO5N",
            "tags": null,
            "tags_all": {
              "Environment": "phase8-dev",
              "ManagedBy": "Terraform",
              "Phase": "8",
              "Project": "rag-knowledge-platform"
            }
          },
          "sensitive_attributes": [],
          "identity_schema_version": 0,
          "private": "bnVsbA==",
          "dependencies": [
            "aws_s3_bucket.documents",
            "data.aws_iam_policy_document.document_storage"
          ]
        }
      ]
    },
    {
      "mode": "managed",
      "type": "aws_iam_role",
      "name": "document_app",
      "provider": "provider[\"registry.terraform.io/hashicorp/aws\"]",
      "instances": [
        {
          "schema_version": 0,
          "attributes": {
            "arn": "arn:aws:iam::008971653023:role/fred-rag-unique-bucket-12345-document-app",
            "assume_role_policy": "{\"Statement\":[{\"Action\":\"sts:AssumeRole\",\"Effect\":\"Allow\",\"Principal\":{\"Service\":\"ec2.amazonaws.com\"}}],\"Version\":\"2012-10-17\"}",
            "create_date": "2026-08-27T09:52:41Z",
            "description": "",
            "force_detach_policies": false,
            "id": "fred-rag-unique-bucket-12345-document-app",
            "inline_policy": [],
            "managed_policy_arns": [],
            "max_session_duration": 3600,
            "name": "fred-rag-unique-bucket-12345-document-app",
            "name_prefix": "",
            "path": "/",
            "permissions_boundary": "",
            "tags": null,
            "tags_all": {
              "Environment": "phase8-dev",
              "ManagedBy": "Terraform",
              "Phase": "8",
              "Project": "rag-knowledge-platform"
            },
            "unique_id": "AROAQEFWAR6PSZRKCT6OB"
          },
          "sensitive_attributes": [],
          "identity_schema_version": 0,
          "private": "bnVsbA==",
          "dependencies": [
            "data.aws_iam_policy_document.ec2_assume_role"
          ]
        }
      ]
    },
    {
      "mode": "managed",
      "type": "aws_iam_role_policy_attachment",
      "name": "document_storage",
      "provider": "provider[\"registry.terraform.io/hashicorp/aws\"]",
      "instances": [
        {
          "schema_version": 0,
          "attributes": {
            "id": "fred-rag-unique-bucket-12345-document-app-20260827095243451900000001",
            "policy_arn": "arn:aws:iam::008971653023:policy/fred-rag-unique-bucket-12345-document-storage",
            "role": "fred-rag-unique-bucket-12345-document-app"
          },
          "sensitive_attributes": [],
          "identity_schema_version": 0,
          "private": "bnVsbA==",
          "dependencies": [
            "aws_iam_policy.document_storage",
            "aws_iam_role.document_app",
            "aws_s3_bucket.documents",
            "data.aws_iam_policy_document.document_storage",
            "data.aws_iam_policy_document.ec2_assume_role"
          ]
        }
      ]
    },
    {
      "mode": "managed",
      "type": "aws_s3_bucket",
      "name": "documents",
      "provider": "provider[\"registry.terraform.io/hashicorp/aws\"]",
      "instances": [
        {
          "schema_version": 0,
          "attributes": {
            "acceleration_status": "",
            "acl": null,
            "arn": "arn:aws:s3:::fred-rag-unique-bucket-12345",
            "bucket": "fred-rag-unique-bucket-12345",
            "bucket_domain_name": "fred-rag-unique-bucket-12345.s3.amazonaws.com",
            "bucket_prefix": "",
            "bucket_regional_domain_name": "fred-rag-unique-bucket-12345.s3.ap-south-1.amazonaws.com",
            "cors_rule": [],
            "force_destroy": false,
            "grant": [
              {
                "id": "cd5b341d37e934833162048023ede155d3f9d055e3458acc575227e6409bf11a",
                "permissions": [
                  "FULL_CONTROL"
                ],
                "type": "CanonicalUser",
                "uri": ""
              }
            ],
            "hosted_zone_id": "Z11RGJOFQNVJUP",
            "id": "fred-rag-unique-bucket-12345",
            "lifecycle_rule": [],
            "logging": [],
            "object_lock_configuration": [],
            "object_lock_enabled": false,
            "policy": "",
            "region": "ap-south-1",
            "replication_configuration": [],
            "request_payer": "BucketOwner",
            "server_side_encryption_configuration": [
              {
                "rule": [
                  {
                    "apply_server_side_encryption_by_default": [
                      {
                        "kms_master_key_id": "",
                        "sse_algorithm": "AES256"
                      }
                    ],
                    "bucket_key_enabled": false
                  }
                ]
              }
            ],
            "tags": null,
            "tags_all": {
              "Environment": "phase8-dev",
              "ManagedBy": "Terraform",
              "Phase": "8",
              "Project": "rag-knowledge-platform"
            },
            "timeouts": null,
            "versioning": [
              {
                "enabled": false,
                "mfa_delete": false
              }
            ],
            "website": [],
            "website_domain": null,
            "website_endpoint": null
          },
          "sensitive_attributes": [],
          "identity_schema_version": 0,
          "private": "eyJlMmJmYjczMC1lY2FhLTExZTYtOGY4OC0zNDM2M2JjN2M0YzAiOnsiY3JlYXRlIjoxMjAwMDAwMDAwMDAwLCJkZWxldGUiOjM2MDAwMDAwMDAwMDAsInJlYWQiOjEyMDAwMDAwMDAwMDAsInVwZGF0ZSI6MTIwMDAwMDAwMDAwMH19"
        }
      ]
    },
    {
      "mode": "managed",
      "type": "aws_s3_bucket_cors_configuration",
      "name": "documents",
      "provider": "provider[\"registry.terraform.io/hashicorp/aws\"]",
      "instances": [
        {
          "schema_version": 0,
          "attributes": {
            "bucket": "fred-rag-unique-bucket-12345",
            "cors_rule": [
              {
                "allowed_headers": [
                  "*"
                ],
                "allowed_methods": [
                  "POST"
                ],
                "allowed_origins": [
                  "http://localhost:3000"
                ],
                "expose_headers": [
                  "ETag"
                ],
                "id": "",
                "max_age_seconds": 300
              }
            ],
            "expected_bucket_owner": "",
            "id": "fred-rag-unique-bucket-12345"
          },
          "sensitive_attributes": [],
          "identity_schema_version": 0,
          "private": "bnVsbA==",
          "dependencies": [
            "aws_s3_bucket.documents"
          ]
        }
      ]
    },
    {
      "mode": "managed",
      "type": "aws_s3_bucket_lifecycle_configuration",
      "name": "documents",
      "provider": "provider[\"registry.terraform.io/hashicorp/aws\"]",
      "instances": [
        {
          "schema_version": 1,
          "attributes": {
            "bucket": "fred-rag-unique-bucket-12345",
            "expected_bucket_owner": "",
            "id": "fred-rag-unique-bucket-12345",
            "rule": [
              {
                "abort_incomplete_multipart_upload": [
                  {
                    "days_after_initiation": 7
                  }
                ],
                "expiration": [],
                "filter": [
                  {
                    "and": [],
                    "object_size_greater_than": null,
                    "object_size_less_than": null,
                    "prefix": "",
                    "tag": []
                  }
                ],
                "id": "abort-incomplete-multipart-uploads",
                "noncurrent_version_expiration": [],
                "noncurrent_version_transition": [],
                "prefix": "",
                "status": "Enabled",
                "transition": []
              }
            ],
            "timeouts": null,
            "transition_default_minimum_object_size": "all_storage_classes_128K"
          },
          "sensitive_attributes": [],
          "identity_schema_version": 0,
          "dependencies": [
            "aws_s3_bucket.documents"
          ]
        }
      ]
    },
    {
      "mode": "managed",
      "type": "aws_s3_bucket_ownership_controls",
      "name": "documents",
      "provider": "provider[\"registry.terraform.io/hashicorp/aws\"]",
      "instances": [
        {
          "schema_version": 0,
          "attributes": {
            "bucket": "fred-rag-unique-bucket-12345",
            "id": "fred-rag-unique-bucket-12345",
            "rule": [
              {
                "object_ownership": "BucketOwnerEnforced"
              }
            ]
          },
          "sensitive_attributes": [],
          "identity_schema_version": 0,
          "private": "bnVsbA==",
          "dependencies": [
            "aws_s3_bucket.documents"
          ]
        }
      ]
    },
    {
      "mode": "managed",
      "type": "aws_s3_bucket_public_access_block",
      "name": "documents",
      "provider": "provider[\"registry.terraform.io/hashicorp/aws\"]",
      "instances": [
        {
          "schema_version": 0,
          "attributes": {
            "block_public_acls": true,
            "block_public_policy": true,
            "bucket": "fred-rag-unique-bucket-12345",
            "id": "fred-rag-unique-bucket-12345",
            "ignore_public_acls": true,
            "restrict_public_buckets": true
          },
          "sensitive_attributes": [],
          "identity_schema_version": 0,
          "private": "bnVsbA==",
          "dependencies": [
            "aws_s3_bucket.documents"
          ]
        }
      ]
    },
    {
      "mode": "managed",
      "type": "aws_s3_bucket_server_side_encryption_configuration",
      "name": "documents",
      "provider": "provider[\"registry.terraform.io/hashicorp/aws\"]",
      "instances": [
        {
          "schema_version": 0,
          "attributes": {
            "bucket": "fred-rag-unique-bucket-12345",
            "expected_bucket_owner": "",
            "id": "fred-rag-unique-bucket-12345",
            "rule": [
              {
                "apply_server_side_encryption_by_default": [
                  {
                    "kms_master_key_id": "",
                    "sse_algorithm": "AES256"
                  }
                ],
                "bucket_key_enabled": null
              }
            ]
          },
          "sensitive_attributes": [],
          "identity_schema_version": 0,
          "private": "bnVsbA==",
          "dependencies": [
            "aws_s3_bucket.documents"
          ]
        }
      ]
    },
    {
      "mode": "managed",
      "type": "aws_s3_bucket_versioning",
      "name": "documents",
      "provider": "provider[\"registry.terraform.io/hashicorp/aws\"]",
      "instances": [
        {
          "schema_version": 0,
          "attributes": {
            "bucket": "fred-rag-unique-bucket-12345",
            "expected_bucket_owner": "",
            "id": "fred-rag-unique-bucket-12345",
            "mfa": null,
            "versioning_configuration": [
              {
                "mfa_delete": "",
                "status": "Enabled"
              }
            ]
          },
          "sensitive_attributes": [],
          "identity_schema_version": 0,
          "private": "bnVsbA==",
          "dependencies": [
            "aws_s3_bucket.documents"
          ]
        }
      ]
    }
  ],
  "check_results": [
    {
      "object_kind": "var",
      "config_addr": "var.bucket_name",
      "status": "pass",
      "objects": [
        {
          "object_addr": "var.bucket_name",
          "status": "pass"
        }
      ]
    },
    {
      "object_kind": "var",
      "config_addr": "var.app_origins",
      "status": "pass",
      "objects": [
        {
          "object_addr": "var.app_origins",
          "status": "pass"
        }
      ]
    }
  ]
}
