{
  "version": 4,
  "terraform_version": "1.14.3",
  "serial": 7,
  "lineage": "49f4dcdb-38df-d1b1-954f-aba883f77eb0",
  "outputs": {
    "app_client_id": {
      "value": "6i9mt7qu3hol5gjt5ovvir2sgj",
      "type": "string"
    },
    "hosted_ui_base_url": {
      "value": "https://fred-rag-gpu-lab-12345.auth.ap-south-1.amazoncognito.com",
      "type": "string"
    },
    "issuer": {
      "value": "https://cognito-idp.ap-south-1.amazonaws.com/ap-south-1_VxfKOZxdu",
      "type": "string"
    },
    "jwks_url": {
      "value": "https://cognito-idp.ap-south-1.amazonaws.com/ap-south-1_VxfKOZxdu/.well-known/jwks.json",
      "type": "string"
    },
    "user_pool_id": {
      "value": "ap-south-1_VxfKOZxdu",
      "type": "string"
    }
  },
  "resources": [
    {
      "mode": "managed",
      "type": "aws_cognito_user_group",
      "name": "roles",
      "provider": "provider[\"registry.terraform.io/hashicorp/aws\"]",
      "instances": [
        {
          "index_key": "ADMIN",
          "schema_version": 0,
          "attributes": {
            "description": "Phase 7 admin test group.",
            "id": "ap-south-1_VxfKOZxdu/ADMIN",
            "name": "ADMIN",
            "precedence": 0,
            "role_arn": "",
            "user_pool_id": "ap-south-1_VxfKOZxdu"
          },
          "sensitive_attributes": [],
          "identity_schema_version": 0,
          "private": "bnVsbA==",
          "dependencies": [
            "aws_cognito_user_pool.this"
          ]
        },
        {
          "index_key": "EDITOR",
          "schema_version": 0,
          "attributes": {
            "description": "Phase 7 editor test group.",
            "id": "ap-south-1_VxfKOZxdu/EDITOR",
            "name": "EDITOR",
            "precedence": 0,
            "role_arn": "",
            "user_pool_id": "ap-south-1_VxfKOZxdu"
          },
          "sensitive_attributes": [],
          "identity_schema_version": 0,
          "private": "bnVsbA==",
          "dependencies": [
            "aws_cognito_user_pool.this"
          ]
        },
        {
          "index_key": "VIEWER",
          "schema_version": 0,
          "attributes": {
            "description": "Phase 7 viewer test group.",
            "id": "ap-south-1_VxfKOZxdu/VIEWER",
            "name": "VIEWER",
            "precedence": 0,
            "role_arn": "",
            "user_pool_id": "ap-south-1_VxfKOZxdu"
          },
          "sensitive_attributes": [],
          "identity_schema_version": 0,
          "private": "bnVsbA==",
          "dependencies": [
            "aws_cognito_user_pool.this"
          ]
        }
      ]
    },
    {
      "mode": "managed",
      "type": "aws_cognito_user_pool",
      "name": "this",
      "provider": "provider[\"registry.terraform.io/hashicorp/aws\"]",
      "instances": [
        {
          "schema_version": 0,
          "attributes": {
            "account_recovery_setting": [
              {
                "recovery_mechanism": [
                  {
                    "name": "verified_email",
                    "priority": 1
                  }
                ]
              }
            ],
            "admin_create_user_config": [
              {
                "allow_admin_create_user_only": false,
                "invite_message_template": []
              }
            ],
            "alias_attributes": null,
            "arn": "arn:aws:cognito-idp:ap-south-1:008971653023:userpool/ap-south-1_VxfKOZxdu",
            "auto_verified_attributes": [
              "email"
            ],
            "creation_date": "2026-08-27T07:16:32Z",
            "custom_domain": "",
            "deletion_protection": "INACTIVE",
            "device_configuration": [],
            "domain": "",
            "email_configuration": [
              {
                "configuration_set": "",
                "email_sending_account": "COGNITO_DEFAULT",
                "from_email_address": "",
                "reply_to_email_address": "",
                "source_arn": ""
              }
            ],
            "email_mfa_configuration": [],
            "email_verification_message": "",
            "email_verification_subject": "",
            "endpoint": "cognito-idp.ap-south-1.amazonaws.com/ap-south-1_VxfKOZxdu",
            "estimated_number_of_users": 0,
            "id": "ap-south-1_VxfKOZxdu",
            "lambda_config": [],
            "last_modified_date": "2026-08-27T07:16:32Z",
            "mfa_configuration": "OFF",
            "name": "fred-rag-gpu-lab-12345-users",
            "password_policy": [
              {
                "minimum_length": 14,
                "password_history_size": 0,
                "require_lowercase": true,
                "require_numbers": true,
                "require_symbols": true,
                "require_uppercase": true,
                "temporary_password_validity_days": 7
              }
            ],
            "schema": [
              {
                "attribute_data_type": "String",
                "developer_only_attribute": false,
                "mutable": true,
                "name": "groups",
                "number_attribute_constraints": [],
                "required": false,
                "string_attribute_constraints": [
                  {
                    "max_length": "2048",
                    "min_length": "1"
                  }
                ]
              },
              {
                "attribute_data_type": "String",
                "developer_only_attribute": false,
                "mutable": true,
                "name": "tenant_id",
                "number_attribute_constraints": [],
                "required": false,
                "string_attribute_constraints": [
                  {
                    "max_length": "64",
                    "min_length": "1"
                  }
                ]
              }
            ],
            "sign_in_policy": [
              {
                "allowed_first_auth_factors": [
                  "PASSWORD"
                ]
              }
            ],
            "sms_authentication_message": "",
            "sms_configuration": [],
            "sms_verification_message": "",
            "software_token_mfa_configuration": [],
            "tags": null,
            "tags_all": {
              "ManagedBy": "Terraform",
              "Project": "rag-knowledge-platform"
            },
            "user_attribute_update_settings": [],
            "user_pool_add_ons": [],
            "user_pool_tier": "ESSENTIALS",
            "username_attributes": [
              "email"
            ],
            "username_configuration": [
              {
                "case_sensitive": false
              }
            ],
            "verification_message_template": [
              {
                "default_email_option": "CONFIRM_WITH_CODE",
                "email_message": "",
                "email_message_by_link": "",
                "email_subject": "",
                "email_subject_by_link": "",
                "sms_message": ""
              }
            ],
            "web_authn_configuration": []
          },
          "sensitive_attributes": [],
          "identity_schema_version": 0,
          "private": "bnVsbA=="
        }
      ]
    },
    {
      "mode": "managed",
      "type": "aws_cognito_user_pool_client",
      "name": "web",
      "provider": "provider[\"registry.terraform.io/hashicorp/aws\"]",
      "instances": [
        {
          "schema_version": 0,
          "attributes": {
            "access_token_validity": 60,
            "allowed_oauth_flows": [
              "code"
            ],
            "allowed_oauth_flows_user_pool_client": true,
            "allowed_oauth_scopes": [
              "email",
              "openid",
              "profile"
            ],
            "analytics_configuration": [],
            "auth_session_validity": 3,
            "callback_urls": [
              "http://localhost:3000/auth/callback"
            ],
            "client_secret": "",
            "default_redirect_uri": "",
            "enable_propagate_additional_user_context_data": false,
            "enable_token_revocation": true,
            "explicit_auth_flows": [
              "ALLOW_REFRESH_TOKEN_AUTH",
              "ALLOW_USER_SRP_AUTH"
            ],
            "generate_secret": false,
            "id": "6i9mt7qu3hol5gjt5ovvir2sgj",
            "id_token_validity": 60,
            "logout_urls": [
              "http://localhost:3000"
            ],
            "name": "fred-rag-gpu-lab-12345-web",
            "prevent_user_existence_errors": "ENABLED",
            "read_attributes": [
              "custom:groups",
              "custom:tenant_id",
              "email",
              "email_verified"
            ],
            "refresh_token_rotation": [],
            "refresh_token_validity": 1,
            "supported_identity_providers": [
              "COGNITO"
            ],
            "token_validity_units": [
              {
                "access_token": "minutes",
                "id_token": "minutes",
                "refresh_token": "days"
              }
            ],
            "user_pool_id": "ap-south-1_VxfKOZxdu",
            "write_attributes": []
          },
          "sensitive_attributes": [
            [
              {
                "type": "get_attr",
                "value": "client_secret"
              }
            ]
          ],
          "identity_schema_version": 0,
          "dependencies": [
            "aws_cognito_user_pool.this"
          ]
        }
      ]
    },
    {
      "mode": "managed",
      "type": "aws_cognito_user_pool_domain",
      "name": "this",
      "provider": "provider[\"registry.terraform.io/hashicorp/aws\"]",
      "instances": [
        {
          "schema_version": 0,
          "attributes": {
            "aws_account_id": "008971653023",
            "certificate_arn": "",
            "cloudfront_distribution": "d19bnlz1qkpkne.cloudfront.net",
            "cloudfront_distribution_arn": "d19bnlz1qkpkne.cloudfront.net",
            "cloudfront_distribution_zone_id": "Z2FDTNDATAQYW2",
            "domain": "fred-rag-gpu-lab-12345",
            "id": "fred-rag-gpu-lab-12345",
            "managed_login_version": 1,
            "s3_bucket": "aws-cognito-prod-bom-assets",
            "user_pool_id": "ap-south-1_VxfKOZxdu",
            "version": "20260827071633"
          },
          "sensitive_attributes": [],
          "identity_schema_version": 0,
          "private": "bnVsbA==",
          "dependencies": [
            "aws_cognito_user_pool.this"
          ]
        }
      ]
    }
  ],
  "check_results": [
    {
      "object_kind": "var",
      "config_addr": "var.deletion_protection",
      "status": "pass",
      "objects": [
        {
          "object_addr": "var.deletion_protection",
          "status": "pass"
        }
      ]
    }
  ]
}
